// !$*UTF8*$!
{
	archiveVersion = 1;
	classes = {
	};
	objectVersion = 56;
	objects = {

/* Begin PBXBuildFile section */
		C6EEAA8F296A18F600AFEDB7 /* AppDelegate.swift in Sources */ = {isa = PBXBuildFile; fileRef = C6EEAA8E296A18F600AFEDB7 /* AppDelegate.swift */; };
		C6EEAA91296A18F600AFEDB7 /* SceneDelegate.swift in Sources */ = {isa = PBXBuildFile; fileRef = C6EEAA90296A18F600AFEDB7 /* SceneDelegate.swift */; };
		C6EEAA93296A18F600AFEDB7 /* ViewController.swift in Sources */ = {isa = PBXBuildFile; fileRef = C6EEAA92296A18F600AFEDB7 /* ViewController.swift */; };
		C6EEAA96296A18F600AFEDB7 /* Main.storyboard in Resources */ = {isa = PBXBuildFile; fileRef = C6EEAA94296A18F600AFEDB7 /* Main.storyboard */; };
		C6EEAA98296A18F700AFEDB7 /* Assets.xcassets in Resources */ = {isa = PBXBuildFile; fileRef = C6EEAA97296A18F700AFEDB7 /* Assets.xcassets */; };
		C6EEAA9B296A18F700AFEDB7 /* LaunchScreen.storyboard in Resources */ = {isa = PBXBuildFile; fileRef = C6EEAA99296A18F700AFEDB7 /* LaunchScreen.storyboard */; };
		C6EEAAA6296A18F700AFEDB7 /* puiTests.swift in Sources */ = {isa = PBXBuildFile; fileRef = C6EEAAA5296A18F700AFEDB7 /* puiTests.swift */; };
		C6EEAAB0296A18F700AFEDB7 /* puiUITests.swift in Sources */ = {isa = PBXBuildFile; fileRef = C6EEAAAF296A18F700AFEDB7 /* puiUITests.swift */; };
		C6EEAAB2296A18F700AFEDB7 /* puiUITestsLaunchTests.swift in Sources */ = {isa = PBXBuildFile; fileRef = C6EEAAB1296A18F700AFEDB7 /* puiUITestsLaunchTests.swift */; };
/* End PBXBuildFile section */

/* Begin PBXContainerItemProxy section */
		C6EEAAA2296A18F700AFEDB7 /* PBXContainerItemProxy */ = {
			isa = PBXContainerItemProxy;
			containerPortal = C6EEAA83296A18F600AFEDB7 /* Project object */;
			proxyType = 1;
			remoteGlobalIDString = C6EEAA8A296A18F600AFEDB7;
			remoteInfo = pui;
		};
		C6EEAAAC296A18F700AFEDB7 /* PBXContainerItemProxy */ = {
			isa = PBXContainerItemProxy;
			containerPortal = C6EEAA83296A18F600AFEDB7 /* Project object */;
			proxyType = 1;
			remoteGlobalIDString = C6EEAA8A296A18F600AFEDB7;
			remoteInfo = pui;
		};
/* End PBXContainerItemProxy section */

/* Begin PBXFileReference section */
		C6EEAA8B296A18F600AFEDB7 /* pui.app */ = {isa = PBXFileReference; explicitFileType = wrapper.application; includeInIndex = 0; path = pui.app; sourceTree = BUILT_PRODUCTS_DIR; };
		C6EEAA8E296A18F600AFEDB7 /* AppDelegate.swift */ = {isa = PBXFileReference; lastKnownFileType = sourcecode.swift; path = AppDelegate.swift; sourceTree = "<group>"; };
		C6EEAA90296A18F600AFEDB7 /* SceneDelegate.swift */ = {isa = PBXFileReference; lastKnownFileType = sourcecode.swift; path = SceneDelegate.swift; sourceTree = "<group>"; };
		C6EEAA92296A18F600AFEDB7 /* ViewController.swift */ = {isa = PBXFileReference; lastKnownFileType = sourcecode.swift; path = ViewController.swift; sourceTree = "<group>"; };
		C6EEAA95296A18F600AFEDB7 /* Base */ = {isa = PBXFileReference; lastKnownFileType = file.storyboard; name = Base; path = Base.lproj/Main.storyboard; sourceTree = "<group>"; };
		C6EEAA97296A18F700AFEDB7 /* Assets.xcassets */ = {isa = PBXFileReference; lastKnownFileType = folder.assetcatalog; path = Assets.xcassets; sourceTree = "<group>"; };
		C6EEAA9A296A18F700AFEDB7 /* Base */ = {isa = PBXFileReference; lastKnownFileType = file.storyboard; name = Base; path = Base.lproj/LaunchScreen.storyboard; sourceTree = "<group>"; };
		C6EEAA9C296A18F700AFEDB7 /* Info.plist */ = {isa = PBXFileReference; lastKnownFileType = text.plist.xml; path = Info.plist; sourceTree = "<group>"; };
		C6EEAAA1296A18F700AFEDB7 /* puiTests.xctest */ = {isa = PBXFileReference; explicitFileType = wrapper.cfbundle; includeInIndex = 0; path = puiTests.xctest; sourceTree = BUILT_PRODUCTS_DIR; };
		C6EEAAA5296A18F700AFEDB7 /* puiTests.swift */ = {isa = PBXFileReference; lastKnownFileType = sourcecode.swift; path = puiTests.swift; sourceTree = "<group>"; };
		C6EEAAAB296A18F700AFEDB7 /* puiUITests.xctest */ = {isa = PBXFileReference; explicitFileType = wrapper.cfbundle; includeInIndex = 0; path = puiUITests.xctest; sourceTree = BUILT_PRODUCTS_DIR; };
		C6EEAAAF296A18F700AFEDB7 /* puiUITests.swift */ = {isa = PBXFileReference; lastKnownFileType = sourcecode.swift; path = puiUITests.swift; sourceTree = "<group>"; };
		C6EEAAB1296A18F700AFEDB7 /* puiUITestsLaunchTests.swift */ = {isa = PBXFileReference; lastKnownFileType = sourcecode.swift; path = puiUITestsLaunchTests.swift; sourceTree = "<group>"; };
/* End PBXFileReference section */

/* Begin PBXFrameworksBuildPhase section */
		C6EEAA88296A18F600AFEDB7 /* Frameworks */ = {
			isa = PBXFrameworksBuildPhase;
			buildActionMask = 2147483647;
			files = (
			);
			runOnlyForDeploymentPostprocessing = 0;
		};
		C6EEAA9E296A18F700AFEDB7 /* Frameworks */ = {
			isa = PBXFrameworksBuildPhase;
			buildActionMask = 2147483647;
			files = (
			);
			runOnlyForDeploymentPostprocessing = 0;
		};
		C6EEAAA8296A18F700AFEDB7 /* Frameworks */ = {
			isa = PBXFrameworksBuildPhase;
			buildActionMask = 2147483647;
			files = (
			);
			runOnlyForDeploymentPostprocessing = 0;
		};
/* End PBXFrameworksBuildPhase section */

/* Begin PBXGroup section */
		C6EEAA82296A18F600AFEDB7 = {
			isa = PBXGroup;
			children = (
				C6EEAA8D296A18F600AFEDB7 /* pui */,
				C6EEAAA4296A18F700AFEDB7 /* puiTests */,
				C6EEAAAE296A18F700AFEDB7 /* puiUITests */,
				C6EEAA8C296A18F600AFEDB7 /* Products */,
			);
			sourceTree = "<group>";
		};
		C6EEAA8C296A18F600AFEDB7 /* Products */ = {
			isa = PBXGroup;
			children = (
				C6EEAA8B296A18F600AFEDB7 /* pui.app */,
				C6EEAAA1296A18F700AFEDB7 /* puiTests.xctest */,
				C6EEAAAB296A18F700AFEDB7 /* puiUITests.xctest */,
			);
			name = Products;
			sourceTree = "<group>";
		};
		C6EEAA8D296A18F600AFEDB7 /* pui */ = {
			isa = PBXGroup;
			children = (
				C6EEAA8E296A18F600AFEDB7 /* AppDelegate.swift */,
				C6EEAA90296A18F600AFEDB7 /* SceneDelegate.swift */,
				C6EEAA92296A18F600AFEDB7 /* ViewController.swift */,
				C6EEAA94296A18F600AFEDB7 /* Main.storyboard */,
				C6EEAA97296A18F700AFEDB7 /* Assets.xcassets */,
				C6EEAA99296A18F700AFEDB7 /* LaunchScreen.storyboard */,
				C6EEAA9C296A18F700AFEDB7 /* Info.plist */,
			);
			path = pui;
			sourceTree = "<group>";
		};
		C6EEAAA4296A18F700AFEDB7 /* puiTests */ = {
			isa = PBXGroup;
			children = (
				C6EEAAA5296A18F700AFEDB7 /* puiTests.swift */,
			);
			path = puiTests;
			sourceTree = "<group>";
		};
		C6EEAAAE296A18F700AFEDB7 /* puiUITests */ = {
			isa = PBXGroup;
			children = (
				C6EEAAAF296A18F700AFEDB7 /* puiUITests.swift */,
				C6EEAAB1296A18F700AFEDB7 /* puiUITestsLaunchTests.swift */,
			);
			path = puiUITests;
			sourceTree = "<group>";
		};
/* End PBXGroup section */

/* Begin PBXNativeTarget section */
		C6EEAA8A296A18F600AFEDB7 /* pui */ = {
			isa = PBXNativeTarget;
			buildConfigurationList = C6EEAAB5296A18F700AFEDB7 /* Build configuration list for PBXNativeTarget "pui" */;
			buildPhases = (
				C6EEAA87296A18F600AFEDB7 /* Sources */,
				C6EEAA88296A18F600AFEDB7 /* Frameworks */,
				C6EEAA89296A18F600AFEDB7 /* Resources */,
			);
			buildRules = (
			);
			dependencies = (
			);
			name = pui;
			productName = pui;
			productReference = C6EEAA8B296A18F600AFEDB7 /* pui.app */;
			productType = "com.apple.product-type.application";
		};
		C6EEAAA0296A18F700AFEDB7 /* puiTests */ = {
			isa = PBXNativeTarget;
			buildConfigurationList = C6EEAAB8296A18F700AFEDB7 /* Build configuration list for PBXNativeTarget "puiTests" */;
			buildPhases = (
				C6EEAA9D296A18F700AFEDB7 /* Sources */,
				C6EEAA9E296A18F700AFEDB7 /* Frameworks */,
				C6EEAA9F296A18F700AFEDB7 /* Resources */,
			);
			buildRules = (
			);
			dependencies = (
				C6EEAAA3296A18F700AFEDB7 /* PBXTargetDependency */,
			);
			name = puiTests;
			productName = puiTests;
			productReference = C6EEAAA1296A18F700AFEDB7 /* puiTests.xctest */;
			productType = "com.apple.product-type.bundle.unit-test";
		};
		C6EEAAAA296A18F700AFEDB7 /* puiUITests */ = {
			isa = PBXNativeTarget;
			buildConfigurationList = C6EEAABB296A18F700AFEDB7 /* Build configuration list for PBXNativeTarget "puiUITests" */;
			buildPhases = (
				C6EEAAA7296A18F700AFEDB7 /* Sources */,
				C6EEAAA8296A18F700AFEDB7 /* Frameworks */,
				C6EEAAA9296A18F700AFEDB7 /* Resources */,
			);
			buildRules = (
			);
			dependencies = (
				C6EEAAAD296A18F700AFEDB7 /* PBXTargetDependency */,
			);
			name = puiUITests;
			productName = puiUITests;
			productReference = C6EEAAAB296A18F700AFEDB7 /* puiUITests.xctest */;
			productType = "com.apple.product-type.bundle.ui-testing";
		};
/* End PBXNativeTarget section */

/* Begin PBXProject section */
		C6EEAA83296A18F600AFEDB7 /* Project object */ = {
			isa = PBXProject;
			attributes = {
				BuildIndependentTargetsInParallel = 1;
				LastSwiftUpdateCheck = 1420;
				LastUpgradeCheck = 1420;
				TargetAttributes = {
					C6EEAA8A296A18F600AFEDB7 = {
						CreatedOnToolsVersion = 14.2;
					};
					C6EEAAA0296A18F700AFEDB7 = {
						CreatedOnToolsVersion = 14.2;
						TestTargetID = C6EEAA8A296A18F600AFEDB7;
					};
					C6EEAAAA296A18F700AFEDB7 = {
						CreatedOnToolsVersion = 14.2;
						TestTargetID = C6EEAA8A296A18F600AFEDB7;
					};
				};
			};
			buildConfigurationList = C6EEAA86296A18F600AFEDB7 /* Build configuration list for PBXProject "pui" */;
			compatibilityVersion = "Xcode 14.0";
			developmentRegion = en;
			hasScannedForEncodings = 0;
			knownRegions = (
				en,
				Base,
			);
			mainGroup = C6EEAA82296A18F600AFEDB7;
			productRefGroup = C6EEAA8C296A18F600AFEDB7 /* Products */;
			projectDirPath = "";
			projectRoot = "";
			targets = (
				C6EEAA8A296A18F600AFEDB7 /* pui */,
				C6EEAAA0296A18F700AFEDB7 /* puiTests */,
				C6EEAAAA296A18F700AFEDB7 /* puiUITests */,
			);
		};
/* End PBXProject section */

/* Begin PBXResourcesBuildPhase section */
		C6EEAA89296A18F600AFEDB7 /* Resources */ = {
			isa = PBXResourcesBuildPhase;
			buildActionMask = 2147483647;
			files = (
				C6EEAA9B296A18F700AFEDB7 /* LaunchScreen.storyboard in Resources */,
				C6EEAA98296A18F700AFEDB7 /* Assets.xcassets in Resources */,
				C6EEAA96296A18F600AFEDB7 /* Main.storyboard in Resources */,
			);
			runOnlyForDeploymentPostprocessing = 0;
		};
		C6EEAA9F296A18F700AFEDB7 /* Resources */ = {
			isa = PBXResourcesBuildPhase;
			buildActionMask = 2147483647;
			files = (
			);
			runOnlyForDeploymentPostprocessing = 0;
		};
		C6EEAAA9296A18F700AFEDB7 /* Resources */ = {
			isa = PBXResourcesBuildPhase;
			buildActionMask = 2147483647;
			files = (
			);
			runOnlyForDeploymentPostprocessing = 0;
		};
/* End PBXResourcesBuildPhase section */

/* Begin PBXSourcesBuildPhase section */
		C6EEAA87296A18F600AFEDB7 /* Sources */ = {
			isa = PBXSourcesBuildPhase;
			buildActionMask = 2147483647;
			files = (
				C6EEAA93296A18F600AFEDB7 /* ViewController.swift in Sources */,
				C6EEAA8F296A18F600AFEDB7 /* AppDelegate.swift in Sources */,
				C6EEAA91296A18F600AFEDB7 /* SceneDelegate.swift in Sources */,
			);
			runOnlyForDeploymentPostprocessing = 0;
		};
		C6EEAA9D296A18F700AFEDB7 /* Sources */ = {
			isa = PBXSourcesBuildPhase;
			buildActionMask = 2147483647;
			files = (
				C6EEAAA6296A18F700AFEDB7 /* puiTests.swift in Sources */,
			);
			runOnlyForDeploymentPostprocessing = 0;
		};
		C6EEAAA7296A18F700AFEDB7 /* Sources */ = {
			isa = PBXSourcesBuildPhase;
			buildActionMask = 2147483647;
			files = (
				C6EEAAB0296A18F700AFEDB7 /* puiUITests.swift in Sources */,
				C6EEAAB2296A18F700AFEDB7 /* puiUITestsLaunchTests.swift in Sources */,
			);
			runOnlyForDeploymentPostprocessing = 0;
		};
/* End PBXSourcesBuildPhase section */

/* Begin PBXTargetDependency section */
		C6EEAAA3296A18F700AFEDB7 /* PBXTargetDependency */ = {
			isa = PBXTargetDependency;
			target = C6EEAA8A296A18F600AFEDB7 /* pui */;
			targetProxy = C6EEAAA2296A18F700AFEDB7 /* PBXContainerItemProxy */;
		};
		C6EEAAAD296A18F700AFEDB7 /* PBXTargetDependency */ = {
			isa = PBXTargetDependency;
			target = C6EEAA8A296A18F600AFEDB7 /* pui */;
			targetProxy = C6EEAAAC296A18F700AFEDB7 /* PBXContainerItemProxy */;
		};
/* End PBXTargetDependency section */

/* Begin PBXVariantGroup section */
		C6EEAA94296A18F600AFEDB7 /* Main.storyboard */ = {
			isa = PBXVariantGroup;
			children = (
				C6EEAA95296A18F600AFEDB7 /* Base */,
			);
			name = Main.storyboard;
			sourceTree = "<group>";
		};
		C6EEAA99296A18F700AFEDB7 /* LaunchScreen.storyboard */ = {
			isa = PBXVariantGroup;
			children = (
				C6EEAA9A296A18F700AFEDB7 /* Base */,
			);
			name = LaunchScreen.storyboard;
			sourceTree = "<group>";
		};
/* End PBXVariantGroup section */

/* Begin XCBuildConfiguration section */
		C6EEAAB3296A18F700AFEDB7 /* Debug */ = {
			isa = XCBuildConfiguration;
			buildSettings = {
				ALWAYS_SEARCH_USER_PATHS = NO;
				CLANG_ANALYZER_NONNULL = YES;
				CLANG_ANALYZER_NUMBER_OBJECT_CONVERSION = YES_AGGRESSIVE;
				CLANG_CXX_LANGUAGE_STANDARD = "gnu++20";
				CLANG_ENABLE_MODULES = YES;
				CLANG_ENABLE_OBJC_ARC = YES;
				CLANG_ENABLE_OBJC_WEAK = YES;
				CLANG_WARN_BLOCK_CAPTURE_AUTORELEASING = YES;
				CLANG_WARN_BOOL_CONVERSION = YES;
				CLANG_WARN_COMMA = YES;
				CLANG_WARN_CONSTANT_CONVERSION = YES;
				CLANG_WARN_DEPRECATED_OBJC_IMPLEMENTATIONS = YES;
				CLANG_WARN_DIRECT_OBJC_ISA_USAGE = YES_ERROR;
				CLANG_WARN_DOCUMENTATION_COMMENTS = YES;
				CLANG_WARN_EMPTY_BODY = YES;
				CLANG_WARN_ENUM_CONVERSION = YES;
				CLANG_WARN_INFINITE_RECURSION = YES;
				CLANG_WARN_INT_CONVERSION = YES;
				CLANG_WARN_NON_LITERAL_NULL_CONVERSION = YES;
				CLANG_WARN_OBJC_IMPLICIT_RETAIN_SELF = YES;
				CLANG_WARN_OBJC_LITERAL_CONVERSION = YES;
				CLANG_WARN_OBJC_ROOT_CLASS = YES_ERROR;
				CLANG_WARN_QUOTED_INCLUDE_IN_FRAMEWORK_HEADER = YES;
				CLANG_WARN_RANGE_LOOP_ANALYSIS = YES;
				CLANG_WARN_STRICT_PROTOTYPES = YES;
				CLANG_WARN_SUSPICIOUS_MOVE = YES;
				CLANG_WARN_UNGUARDED_AVAILABILITY = YES_AGGRESSIVE;
				CLANG_WARN_UNREACHABLE_CODE = YES;
				CLANG_WARN__DUPLICATE_METHOD_MATCH = YES;
				COPY_PHASE_STRIP = NO;
				DEBUG_INFORMATION_FORMAT = dwarf;
				ENABLE_STRICT_OBJC_MSGSEND = YES;
				ENABLE_TESTABILITY = YES;
				GCC_C_LANGUAGE_STANDARD = gnu11;
				GCC_DYNAMIC_NO_PIC = NO;
				GCC_NO_COMMON_BLOCKS = YES;
				GCC_OPTIMIZATION_LEVEL = 0;
				GCC_PREPROCESSOR_DEFINITIONS = (
					"DEBUG=1",
					"$(inherited)",
				);
				GCC_WARN_64_TO_32_BIT_CONVERSION = YES;
				GCC_WARN_ABOUT_RETURN_TYPE = YES_ERROR;
				GCC_WARN_UNDECLARED_SELECTOR = YES;
				GCC_WARN_UNINITIALIZED_AUTOS = YES_AGGRESSIVE;
				GCC_WARN_UNUSED_FUNCTION = YES;
				GCC_WARN_UNUSED_VARIABLE = YES;
				IPHONEOS_DEPLOYMENT_TARGET = 16.2;
				MTL_ENABLE_DEBUG_INFO = INCLUDE_SOURCE;
				MTL_FAST_MATH = YES;
				ONLY_ACTIVE_ARCH = YES;
				SDKROOT = iphoneos;
				SWIFT_ACTIVE_COMPILATION_CONDITIONS = DEBUG;
				SWIFT_OPTIMIZATION_LEVEL = "-Onone";
			};
			name = Debug;
		};
		C6EEAAB4296A18F700AFEDB7 /* Release */ = {
			isa = XCBuildConfiguration;
			buildSettings = {
				ALWAYS_SEARCH_USER_PATHS = NO;
				CLANG_ANALYZER_NONNULL = YES;
				CLANG_ANALYZER_NUMBER_OBJECT_CONVERSION = YES_AGGRESSIVE;
				CLANG_CXX_LANGUAGE_STANDARD = "gnu++20";
				CLANG_ENABLE_MODULES = YES;
				CLANG_ENABLE_OBJC_ARC = YES;
				CLANG_ENABLE_OBJC_WEAK = YES;
				CLANG_WARN_BLOCK_CAPTURE_AUTORELEASING = YES;
				CLANG_WARN_BOOL_CONVERSION = YES;
				CLANG_WARN_COMMA = YES;
				CLANG_WARN_CONSTANT_CONVERSION = YES;
				CLANG_WARN_DEPRECATED_OBJC_IMPLEMENTATIONS = YES;
				CLANG_WARN_DIRECT_OBJC_ISA_USAGE = YES_ERROR;
				CLANG_WARN_DOCUMENTATION_COMMENTS = YES;
				CLANG_WARN_EMPTY_BODY = YES;
				CLANG_WARN_ENUM_CONVERSION = YES;
				CLANG_WARN_INFINITE_RECURSION = YES;
				CLANG_WARN_INT_CONVERSION = YES;
				CLANG_WARN_NON_LITERAL_NULL_CONVERSION = YES;
				CLANG_WARN_OBJC_IMPLICIT_RETAIN_SELF = YES;
				CLANG_WARN_OBJC_LITERAL_CONVERSION = YES;
				CLANG_WARN_OBJC_ROOT_CLASS = YES_ERROR;
				CLANG_WARN_QUOTED_INCLUDE_IN_FRAMEWORK_HEADER = YES;
				CLANG_WARN_RANGE_LOOP_ANALYSIS = YES;
				CLANG_WARN_STRICT_PROTOTYPES = YES;
				CLANG_WARN_SUSPICIOUS_MOVE = YES;
				CLANG_WARN_UNGUARDED_AVAILABILITY = YES_AGGRESSIVE;
				CLANG_WARN_UNREACHABLE_CODE = YES;
				CLANG_WARN__DUPLICATE_METHOD_MATCH = YES;
				COPY_PHASE_STRIP = NO;
				DEBUG_INFORMATION_FORMAT = "dwarf-with-dsym";
				ENABLE_NS_ASSERTIONS = NO;
				ENABLE_STRICT_OBJC_MSGSEND = YES;
				GCC_C_LANGUAGE_STANDARD = gnu11;
				GCC_NO_COMMON_BLOCKS = YES;
				GCC_WARN_64_TO_32_BIT_CONVERSION = YES;
				GCC_WARN_ABOUT_RETURN_TYPE = YES_ERROR;
				GCC_WARN_UNDECLARED_SELECTOR = YES;
				GCC_WARN_UNINITIALIZED_AUTOS = YES_AGGRESSIVE;
				GCC_WARN_UNUSED_FUNCTION = YES;
				GCC_WARN_UNUSED_VARIABLE = YES;
				IPHONEOS_DEPLOYMENT_TARGET = 16.2;
				MTL_ENABLE_DEBUG_INFO = NO;
				MTL_FAST_MATH = YES;
				SDKROOT = iphoneos;
				SWIFT_COMPILATION_MODE = wholemodule;
				SWIFT_OPTIMIZATION_LEVEL = "-O";
				VALIDATE_PRODUCT = YES;
			};
			name = Release;
		};
		C6EEAAB6296A18F700AFEDB7 /* Debug */ = {
			isa = XCBuildConfiguration;
			buildSettings = {
				ASSETCATALOG_COMPILER_APPICON_NAME = AppIcon;
				ASSETCATALOG_COMPILER_GLOBAL_ACCENT_COLOR_NAME = AccentColor;
				CODE_SIGN_STYLE = Automatic;
				CURRENT_PROJECT_VERSION = 1;
				GENERATE_INFOPLIST_FILE = YES;
				INFOPLIST_FILE = pui/Info.plist;
				INFOPLIST_KEY_UIApplicationSupportsIndirectInputEvents = YES;
				INFOPLIST_KEY_UILaunchStoryboardName = LaunchScreen;
				INFOPLIST_KEY_UIMainStoryboardFile = Main;
				INFOPLIST_KEY_UISupportedInterfaceOrientations_iPad = "UIInterfaceOrientationPortrait UIInterfaceOrientationPortraitUpsideDown UIInterfaceOrientationLandscapeLeft UIInterfaceOrientationLandscapeRight";
				INFOPLIST_KEY_UISupportedInterfaceOrientations_iPhone = "UIInterfaceOrientationPortrait UIInterfaceOrientationLandscapeLeft UIInterfaceOrientationLandscapeRight";
				LD_RUNPATH_SEARCH_PATHS = (
					"$(inherited)",
					"@executable_path/Frameworks",
				);
				MARKETING_VERSION = 1.0;
				PRODUCT_BUNDLE_IDENTIFIER = com.abdvllah.pui;
				PRODUCT_NAME = "$(TARGET_NAME)";
				SWIFT_EMIT_LOC_STRINGS = YES;
				SWIFT_VERSION = 5.0;
				TARGETED_DEVICE_FAMILY = "1,2";
			};
			name = Debug;
		};
		C6EEAAB7296A18F700AFEDB7 /* Release */ = {
			isa = XCBuildConfiguration;
			buildSettings = {
				ASSETCATALOG_COMPILER_APPICON_NAME = AppIcon;
				ASSETCATALOG_COMPILER_GLOBAL_ACCENT_COLOR_NAME = AccentColor;
				CODE_SIGN_STYLE = Automatic;
				CURRENT_PROJECT_VERSION = 1;
				GENERATE_INFOPLIST_FILE = YES;
				INFOPLIST_FILE = pui/Info.plist;
				INFOPLIST_KEY_UIApplicationSupportsIndirectInputEvents = YES;
				INFOPLIST_KEY_UILaunchStoryboardName = LaunchScreen;
				INFOPLIST_KEY_UIMainStoryboardFile = Main;
				INFOPLIST_KEY_UISupportedInterfaceOrientations_iPad = "UIInterfaceOrientationPortrait UIInterfaceOrientationPortraitUpsideDown UIInterfaceOrientationLandscapeLeft UIInterfaceOrientationLandscapeRight";
				INFOPLIST_KEY_UISupportedInterfaceOrientations_iPhone = "UIInterfaceOrientationPortrait UIInterfaceOrientationLandscapeLeft UIInterfaceOrientationLandscapeRight";
				LD_RUNPATH_SEARCH_PATHS = (
					"$(inherited)",
					"@executable_path/Frameworks",
				);
				MARKETING_VERSION = 1.0;
				PRODUCT_BUNDLE_IDENTIFIER = com.abdvllah.pui;
				PRODUCT_NAME = "$(TARGET_NAME)";
				SWIFT_EMIT_LOC_STRINGS = YES;
				SWIFT_VERSION = 5.0;
				TARGETED_DEVICE_FAMILY = "1,2";
			};
			name = Release;
		};
		C6EEAAB9296A18F700AFEDB7 /* Debug */ = {
			isa = XCBuildConfiguration;
			buildSettings = {
				ALWAYS_EMBED_SWIFT_STANDARD_LIBRARIES = YES;
				BUNDLE_LOADER = "$(TEST_HOST)";
				CODE_SIGN_STYLE = Automatic;
				CURRENT_PROJECT_VERSION = 1;
				GENERATE_INFOPLIST_FILE = YES;
				IPHONEOS_DEPLOYMENT_TARGET = 16.2;
				MARKETING_VERSION = 1.0;
				PRODUCT_BUNDLE_IDENTIFIER = com.abdvllah.puiTests;
				PRODUCT_NAME = "$(TARGET_NAME)";
				SWIFT_EMIT_LOC_STRINGS = NO;
				SWIFT_VERSION = 5.0;
				TARGETED_DEVICE_FAMILY = "1,2";
				TEST_HOST = "$(BUILT_PRODUCTS_DIR)/pui.app/$(BUNDLE_EXECUTABLE_FOLDER_PATH)/pui";
			};
			name = Debug;
		};
		C6EEAABA296A18F700AFEDB7 /* Release */ = {
			isa = XCBuildConfiguration;
			buildSettings = {
				ALWAYS_EMBED_SWIFT_STANDARD_LIBRARIES = YES;
				BUNDLE_LOADER = "$(TEST_HOST)";
				CODE_SIGN_STYLE = Automatic;
				CURRENT_PROJECT_VERSION = 1;
				GENERATE_INFOPLIST_FILE = YES;
				IPHONEOS_DEPLOYMENT_TARGET = 16.2;
				MARKETING_VERSION = 1.0;
				PRODUCT_BUNDLE_IDENTIFIER = com.abdvllah.puiTests;
				PRODUCT_NAME = "$(TARGET_NAME)";
				SWIFT_EMIT_LOC_STRINGS = NO;
				SWIFT_VERSION = 5.0;
				TARGETED_DEVICE_FAMILY = "1,2";
				TEST_HOST = "$(BUILT_PRODUCTS_DIR)/pui.app/$(BUNDLE_EXECUTABLE_FOLDER_PATH)/pui";
			};
			name = Release;
		};
		C6EEAABC296A18F700AFEDB7 /* Debug */ = {
			isa = XCBuildConfiguration;
			buildSettings = {
				ALWAYS_EMBED_SWIFT_STANDARD_LIBRARIES = YES;
				CODE_SIGN_STYLE = Automatic;
				CURRENT_PROJECT_VERSION = 1;
				GENERATE_INFOPLIST_FILE = YES;
				MARKETING_VERSION = 1.0;
				PRODUCT_BUNDLE_IDENTIFIER = com.abdvllah.puiUITests;
				PRODUCT_NAME = "$(TARGET_NAME)";
				SWIFT_EMIT_LOC_STRINGS = NO;
				SWIFT_VERSION = 5.0;
				TARGETED_DEVICE_FAMILY = "1,2";
				TEST_TARGET_NAME = pui;
			};
			name = Debug;
		};
		C6EEAABD296A18F700AFEDB7 /* Release */ = {
			isa = XCBuildConfiguration;
			buildSettings = {
				ALWAYS_EMBED_SWIFT_STANDARD_LIBRARIES = YES;
				CODE_SIGN_STYLE = Automatic;
				CURRENT_PROJECT_VERSION = 1;
				GENERATE_INFOPLIST_FILE = YES;
				MARKETING_VERSION = 1.0;
				PRODUCT_BUNDLE_IDENTIFIER = com.abdvllah.puiUITests;
				PRODUCT_NAME = "$(TARGET_NAME)";
				SWIFT_EMIT_LOC_STRINGS = NO;
				SWIFT_VERSION = 5.0;
				TARGETED_DEVICE_FAMILY = "1,2";
				TEST_TARGET_NAME = pui;
			};
			name = Release;
		};
/* End XCBuildConfiguration section */

/* Begin XCConfigurationList section */
		C6EEAA86296A18F600AFEDB7 /* Build configuration list for PBXProject "pui" */ = {
			isa = XCConfigurationList;
			buildConfigurations = (
				C6EEAAB3296A18F700AFEDB7 /* Debug */,
				C6EEAAB4296A18F700AFEDB7 /* Release */,
			);
			defaultConfigurationIsVisible = 0;
			defaultConfigurationName = Release;
		};
		C6EEAAB5296A18F700AFEDB7 /* Build configuration list for PBXNativeTarget "pui" */ = {
			isa = XCConfigurationList;
			buildConfigurations = (
				C6EEAAB6296A18F700AFEDB7 /* Debug */,
				C6EEAAB7296A18F700AFEDB7 /* Release */,
			);
			defaultConfigurationIsVisible = 0;
			defaultConfigurationName = Release;
		};
		C6EEAAB8296A18F700AFEDB7 /* Build configuration list for PBXNativeTarget "puiTests" */ = {
			isa = XCConfigurationList;
			buildConfigurations = (
				C6EEAAB9296A18F700AFEDB7 /* Debug */,
				C6EEAABA296A18F700AFEDB7 /* Release */,
			);
			defaultConfigurationIsVisible = 0;
			defaultConfigurationName = Release;
		};
		C6EEAABB296A18F700AFEDB7 /* Build configuration list for PBXNativeTarget "puiUITests" */ = {
			isa = XCConfigurationList;
			buildConfigurations = (
				C6EEAABC296A18F700AFEDB7 /* Debug */,
				C6EEAABD296A18F700AFEDB7 /* Release */,
			);
			defaultConfigurationIsVisible = 0;
			defaultConfigurationName = Release;
		};
/* End XCConfigurationList section */
	};
	rootObject = C6EEAA83296A18F600AFEDB7 /* Project object */;
}
